
Microsoft Visual Studio Solution File, Format Version 12.00
# Visual Studio Version 17
VisualStudioVersion = 17.4.33213.308
MinimumVisualStudioVersion = 10.0.40219.1
Project("{9A19103F-16F7-4668-BE54-9A1E7A4F7556}") = "TP2part1", "TP2part1\TP2part1.csproj", "{A82D8614-F3F0-466B-83A1-590377614293}"
EndProject
Project("{FAE04EC0-301F-11D3-BF4B-00C04F79EFBC}") = "TP2part1Tests", "TP2part1Tests\TP2part1Tests.csproj", "{4136DF32-DA31-4B40-9BDC-5A95009E4A3D}"
EndProject
Global
	GlobalSection(SolutionConfigurationPlatforms) = preSolution
		Debug|Any CPU = Debug|Any CPU
		Release|Any CPU = Release|Any CPU
	EndGlobalSection
	GlobalSection(ProjectConfigurationPlatforms) = postSolution
		{A82D8614-F3F0-466B-83A1-590377614293}.Debug|Any CPU.ActiveCfg = Debug|Any CPU
		{A82D8614-F3F0-466B-83A1-590377614293}.Debug|Any CPU.Build.0 = Debug|Any CPU
		{A82D8614-F3F0-466B-83A1-590377614293}.Release|Any CPU.ActiveCfg = Release|Any CPU
		{A82D8614-F3F0-466B-83A1-590377614293}.Release|Any CPU.Build.0 = Release|Any CPU
		{4136DF32-DA31-4B40-9BDC-5A95009E4A3D}.Debug|Any CPU.ActiveCfg = Debug|Any CPU
		{4136DF32-DA31-4B40-9BDC-5A95009E4A3D}.Debug|Any CPU.Build.0 = Debug|Any CPU
		{4136DF32-DA31-4B40-9BDC-5A95009E4A3D}.Release|Any CPU.ActiveCfg = Release|Any CPU
		{4136DF32-DA31-4B40-9BDC-5A95009E4A3D}.Release|Any CPU.Build.0 = Release|Any CPU
	EndGlobalSection
	GlobalSection(SolutionProperties) = preSolution
		HideSolutionNode = FALSE
	EndGlobalSection
	GlobalSection(ExtensibilityGlobals) = postSolution
		SolutionGuid = {8E1F7451-0100-4565-ADE6-24ABBC0808B1}
	EndGlobalSection
EndGlobal
